
Microsoft Visual Studio Solution File, Format Version 12.00
# Visual Studio Version 17
VisualStudioVersion = 17.4.33213.308
MinimumVisualStudioVersion = 10.0.40219.1
Project("{FAE04EC0-301F-11D3-BF4B-00C04F79EFBC}") = "MatchGame", "MatchGame\MatchGame.csproj", "{89839690-296F-45EB-8D72-3404CD5EAF20}"
EndProject
Global
	GlobalSection(SolutionConfigurationPlatforms) = preSolution
		Debug|Any CPU = Debug|Any CPU
		Release|Any CPU = Release|Any CPU
	EndGlobalSection
	GlobalSection(ProjectConfigurationPlatforms) = postSolution
		{89839690-296F-45EB-8D72-3404CD5EAF20}.Debug|Any CPU.ActiveCfg = Debug|Any CPU
		{89839690-296F-45EB-8D72-3404CD5EAF20}.Debug|Any CPU.Build.0 = Debug|Any CPU
		{89839690-296F-45EB-8D72-3404CD5EAF20}.Release|Any CPU.ActiveCfg = Release|Any CPU
		{89839690-296F-45EB-8D72-3404CD5EAF20}.Release|Any CPU.Build.0 = Release|Any CPU
	EndGlobalSection
	GlobalSection(SolutionProperties) = preSolution
		HideSolutionNode = FALSE
	EndGlobalSection
	GlobalSection(ExtensibilityGlobals) = postSolution
		SolutionGuid = {A1A04824-DE73-4B0D-949C-88D1184FACB6}
	EndGlobalSection
EndGlobal
